
Microsoft Visual Studio Solution File, Format Version 12.00
# Visual Studio Version 16
VisualStudioVersion = 16.0.30114.105
MinimumVisualStudioVersion = 10.0.40219.1
Project("{FAE04EC0-301F-11D3-BF4B-00C04F79EFBC}") = "pgpConsole", "pgpConsole\pgpConsole.csproj", "{EDA0C61D-C91A-429D-A848-A70B190B1370}"
EndProject
Global
	GlobalSection(SolutionConfigurationPlatforms) = preSolution
		Debug|Any CPU = Debug|Any CPU
		Release|Any CPU = Release|Any CPU
	EndGlobalSection
	GlobalSection(ProjectConfigurationPlatforms) = postSolution
		{EDA0C61D-C91A-429D-A848-A70B190B1370}.Debug|Any CPU.ActiveCfg = Debug|Any CPU
		{EDA0C61D-C91A-429D-A848-A70B190B1370}.Debug|Any CPU.Build.0 = Debug|Any CPU
		{EDA0C61D-C91A-429D-A848-A70B190B1370}.Release|Any CPU.ActiveCfg = Release|Any CPU
		{EDA0C61D-C91A-429D-A848-A70B190B1370}.Release|Any CPU.Build.0 = Release|Any CPU
	EndGlobalSection
	GlobalSection(SolutionProperties) = preSolution
		HideSolutionNode = FALSE
	EndGlobalSection
	GlobalSection(ExtensibilityGlobals) = postSolution
		SolutionGuid = {5124C182-0F59-4FE3-B81D-422816ACC8FC}
	EndGlobalSection
EndGlobal
